{
  "name": "bavlifyweb",
  "version": "1.0.0",
  "lockfileVersion": 3,
  "requires": true,
  "packages": {
    "": {
      "name": "bavlifyweb",
      "version": "1.0.0",
      "license": "ISC",
      "dependencies": {
        "playwright": "^1.65.0-alpha-2026-10-07"
      }
    },
    "node_modules/playwright": {
      "version": "1.65.0-alpha-2026-10-07",
      "resolved": "https://ms-feed-25.pkgs.visualstudio.com/1es-public/_packaging/npm-public/npm/registry/playwright/-/playwright-1.65.0-alpha-2026-10-07.tgz",
      "integrity": "sha512-VyGa/rLkvIFVIMH2HhPPBBVQSgV1+9VMdECIcbyuABTgEl4cYggioc8KKvSMvrKWjZ7PESKUMXDqIT85Isfilw==",
      "dependencies": {
        "playwright-core": "1.65.0-alpha-2026-10-07"
      },
      "bin": {
        "playwright": "cli.js"
      },
      "engines": {
        "node": ">=20"
      }
    },
    "node_modules/playwright-core": {
      "version": "1.65.0-alpha-2026-10-07",
      "resolved": "https://ms-feed-25.pkgs.visualstudio.com/1es-public/_packaging/npm-public/npm/registry/playwright-core/-/playwright-core-1.65.0-alpha-2026-10-07.tgz",
      "integrity": "sha512-M59r6rKub6ug5WRnCeNXkaCaql3BNhvAjcoBQcXeHvbYR0taZwm9Rlgcl3g8SQVArG4tAcMJqikmobR/k+glCw==",
      "bin": {
        "playwright-core": "cli.js"
      },
      "engines": {
        "node": ">=20"
      }
    }
  }
}
